
Microsoft Visual Studio Solution File, Format Version 12.00
# Visual Studio 2015
Project("{FAE04EC0-301F-11D3-BF4B-00C04F79EFBC}") = "TargetPractice.CSharp", "TargetPractice.CSharp.csproj", "{097A3D89-DCAA-16FD-B2ED-199AF5B58021}"
EndProject
Global
	GlobalSection(SolutionConfigurationPlatforms) = preSolution
		Debug|Any CPU = Debug|Any CPU
		Release|Any CPU = Release|Any CPU
	EndGlobalSection
	GlobalSection(ProjectConfigurationPlatforms) = postSolution
		{097A3D89-DCAA-16FD-B2ED-199AF5B58021}.Debug|Any CPU.ActiveCfg = Debug|Any CPU
		{097A3D89-DCAA-16FD-B2ED-199AF5B58021}.Debug|Any CPU.Build.0 = Debug|Any CPU
		{097A3D89-DCAA-16FD-B2ED-199AF5B58021}.Release|Any CPU.ActiveCfg = Release|Any CPU
		{097A3D89-DCAA-16FD-B2ED-199AF5B58021}.Release|Any CPU.Build.0 = Release|Any CPU
	EndGlobalSection
	GlobalSection(SolutionProperties) = preSolution
		HideSolutionNode = FALSE
	EndGlobalSection
EndGlobal
